
Microsoft Visual Studio Solution File, Format Version 12.00
# Visual Studio Version 16
VisualStudioVersion = 16.0.28711.60
MinimumVisualStudioVersion = 10.0.40219.1
Project("{9A19103F-16F7-4668-BE54-9A1E7A4F7556}") = "IpZKHK", "IpZKHK\IpZKHK.csproj", "{9886A365-BA20-42DB-8E34-36FDF36113FB}"
EndProject
Project("{9A19103F-16F7-4668-BE54-9A1E7A4F7556}") = "KHK_OpenData.Lib", "KHK_OpenData.Lib\KHK_OpenData.Lib.csproj", "{33F555D2-F2F2-4100-9322-F1BF23DB92AE}"
EndProject
Global
	GlobalSection(SolutionConfigurationPlatforms) = preSolution
		Debug|Any CPU = Debug|Any CPU
		Release|Any CPU = Release|Any CPU
	EndGlobalSection
	GlobalSection(ProjectConfigurationPlatforms) = postSolution
		{9886A365-BA20-42DB-8E34-36FDF36113FB}.Debug|Any CPU.ActiveCfg = Debug|Any CPU
		{9886A365-BA20-42DB-8E34-36FDF36113FB}.Debug|Any CPU.Build.0 = Debug|Any CPU
		{9886A365-BA20-42DB-8E34-36FDF36113FB}.Release|Any CPU.ActiveCfg = Release|Any CPU
		{9886A365-BA20-42DB-8E34-36FDF36113FB}.Release|Any CPU.Build.0 = Release|Any CPU
		{33F555D2-F2F2-4100-9322-F1BF23DB92AE}.Debug|Any CPU.ActiveCfg = Debug|Any CPU
		{33F555D2-F2F2-4100-9322-F1BF23DB92AE}.Debug|Any CPU.Build.0 = Debug|Any CPU
		{33F555D2-F2F2-4100-9322-F1BF23DB92AE}.Release|Any CPU.ActiveCfg = Release|Any CPU
		{33F555D2-F2F2-4100-9322-F1BF23DB92AE}.Release|Any CPU.Build.0 = Release|Any CPU
	EndGlobalSection
	GlobalSection(SolutionProperties) = preSolution
		HideSolutionNode = FALSE
	EndGlobalSection
	GlobalSection(ExtensibilityGlobals) = postSolution
		SolutionGuid = {78EF6146-04BA-4753-A79D-EF4EF9D45FB2}
	EndGlobalSection
EndGlobal
